
Microsoft Visual Studio Solution File, Format Version 12.00
# Visual Studio Version 17
VisualStudioVersion = 17.3.32811.315
MinimumVisualStudioVersion = 10.0.40219.1
Project("{FAE04EC0-301F-11D3-BF4B-00C04F79EFBC}") = "Metody01", "Metody01\Metody01.csproj", "{B45E590E-4DDB-4DE8-B66C-7EC2029A218A}"
EndProject
Project("{FAE04EC0-301F-11D3-BF4B-00C04F79EFBC}") = "Metody02", "Metody02\Metody02.csproj", "{85014B2A-92EB-48CA-9EB8-7A658E508798}"
EndProject
Project("{FAE04EC0-301F-11D3-BF4B-00C04F79EFBC}") = "Metody03", "Metody03\Metody03.csproj", "{8D9BA5B2-8A90-4D3A-B563-6ECEC944A877}"
EndProject
Project("{FAE04EC0-301F-11D3-BF4B-00C04F79EFBC}") = "Metody04", "Metody04\Metody04.csproj", "{E455CDDC-D4F6-4E59-A740-9E189AB5CBBF}"
EndProject
Project("{FAE04EC0-301F-11D3-BF4B-00C04F79EFBC}") = "Funkce06", "Funkce06\Funkce06.csproj", "{F202A2FD-D101-4378-B32D-C2005AF632D8}"
EndProject
Global
	GlobalSection(SolutionConfigurationPlatforms) = preSolution
		Debug|Any CPU = Debug|Any CPU
		Release|Any CPU = Release|Any CPU
	EndGlobalSection
	GlobalSection(ProjectConfigurationPlatforms) = postSolution
		{B45E590E-4DDB-4DE8-B66C-7EC2029A218A}.Debug|Any CPU.ActiveCfg = Debug|Any CPU
		{B45E590E-4DDB-4DE8-B66C-7EC2029A218A}.Debug|Any CPU.Build.0 = Debug|Any CPU
		{B45E590E-4DDB-4DE8-B66C-7EC2029A218A}.Release|Any CPU.ActiveCfg = Release|Any CPU
		{B45E590E-4DDB-4DE8-B66C-7EC2029A218A}.Release|Any CPU.Build.0 = Release|Any CPU
		{85014B2A-92EB-48CA-9EB8-7A658E508798}.Debug|Any CPU.ActiveCfg = Debug|Any CPU
		{85014B2A-92EB-48CA-9EB8-7A658E508798}.Debug|Any CPU.Build.0 = Debug|Any CPU
		{85014B2A-92EB-48CA-9EB8-7A658E508798}.Release|Any CPU.ActiveCfg = Release|Any CPU
		{85014B2A-92EB-48CA-9EB8-7A658E508798}.Release|Any CPU.Build.0 = Release|Any CPU
		{8D9BA5B2-8A90-4D3A-B563-6ECEC944A877}.Debug|Any CPU.ActiveCfg = Debug|Any CPU
		{8D9BA5B2-8A90-4D3A-B563-6ECEC944A877}.Debug|Any CPU.Build.0 = Debug|Any CPU
		{8D9BA5B2-8A90-4D3A-B563-6ECEC944A877}.Release|Any CPU.ActiveCfg = Release|Any CPU
		{8D9BA5B2-8A90-4D3A-B563-6ECEC944A877}.Release|Any CPU.Build.0 = Release|Any CPU
		{E455CDDC-D4F6-4E59-A740-9E189AB5CBBF}.Debug|Any CPU.ActiveCfg = Debug|Any CPU
		{E455CDDC-D4F6-4E59-A740-9E189AB5CBBF}.Debug|Any CPU.Build.0 = Debug|Any CPU
		{E455CDDC-D4F6-4E59-A740-9E189AB5CBBF}.Release|Any CPU.ActiveCfg = Release|Any CPU
		{E455CDDC-D4F6-4E59-A740-9E189AB5CBBF}.Release|Any CPU.Build.0 = Release|Any CPU
		{F202A2FD-D101-4378-B32D-C2005AF632D8}.Debug|Any CPU.ActiveCfg = Debug|Any CPU
		{F202A2FD-D101-4378-B32D-C2005AF632D8}.Debug|Any CPU.Build.0 = Debug|Any CPU
		{F202A2FD-D101-4378-B32D-C2005AF632D8}.Release|Any CPU.ActiveCfg = Release|Any CPU
		{F202A2FD-D101-4378-B32D-C2005AF632D8}.Release|Any CPU.Build.0 = Release|Any CPU
	EndGlobalSection
	GlobalSection(SolutionProperties) = preSolution
		HideSolutionNode = FALSE
	EndGlobalSection
	GlobalSection(ExtensibilityGlobals) = postSolution
		SolutionGuid = {8058E4C1-3A2A-4F9F-BF96-8C761BBAEDD4}
	EndGlobalSection
EndGlobal
